
Microsoft Visual Studio Solution File, Format Version 12.00
# Visual Studio Version 17
VisualStudioVersion = 17.6.33712.159
MinimumVisualStudioVersion = 10.0.40219.1
Project("{8BC9CEB8-8B4A-11D0-8D11-00A0C91BC942}") = "Project", "Project\MazeGame.vcxproj", "{549E43B5-CE43-47BF-869D-9EECE78ACBAF}"
EndProject
Project("{8BC9CEB8-8B4A-11D0-8D11-00A0C91BC942}") = "LevelEditor", "LevelEditor\LevelEditor.vcxproj", "{2BBD8FA6-12DA-4894-9C2D-D2F02D06AC39}"
EndProject
Global
	GlobalSection(SolutionConfigurationPlatforms) = preSolution
		Debug|x64 = Debug|x64
		Debug|x86 = Debug|x86
		Release|x64 = Release|x64
		Release|x86 = Release|x86
	EndGlobalSection
	GlobalSection(ProjectConfigurationPlatforms) = postSolution
		{549E43B5-CE43-47BF-869D-9EECE78ACBAF}.Debug|x64.ActiveCfg = Debug|x64
		{549E43B5-CE43-47BF-869D-9EECE78ACBAF}.Debug|x64.Build.0 = Debug|x64
		{549E43B5-CE43-47BF-869D-9EECE78ACBAF}.Debug|x86.ActiveCfg = Debug|Win32
		{549E43B5-CE43-47BF-869D-9EECE78ACBAF}.Debug|x86.Build.0 = Debug|Win32
		{549E43B5-CE43-47BF-869D-9EECE78ACBAF}.Release|x64.ActiveCfg = Release|x64
		{549E43B5-CE43-47BF-869D-9EECE78ACBAF}.Release|x64.Build.0 = Release|x64
		{549E43B5-CE43-47BF-869D-9EECE78ACBAF}.Release|x86.ActiveCfg = Release|Win32
		{549E43B5-CE43-47BF-869D-9EECE78ACBAF}.Release|x86.Build.0 = Release|Win32
		{2BBD8FA6-12DA-4894-9C2D-D2F02D06AC39}.Debug|x64.ActiveCfg = Debug|x64
		{2BBD8FA6-12DA-4894-9C2D-D2F02D06AC39}.Debug|x64.Build.0 = Debug|x64
		{2BBD8FA6-12DA-4894-9C2D-D2F02D06AC39}.Debug|x86.ActiveCfg = Debug|Win32
		{2BBD8FA6-12DA-4894-9C2D-D2F02D06AC39}.Debug|x86.Build.0 = Debug|Win32
		{2BBD8FA6-12DA-4894-9C2D-D2F02D06AC39}.Release|x64.ActiveCfg = Release|x64
		{2BBD8FA6-12DA-4894-9C2D-D2F02D06AC39}.Release|x64.Build.0 = Release|x64
		{2BBD8FA6-12DA-4894-9C2D-D2F02D06AC39}.Release|x86.ActiveCfg = Release|Win32
		{2BBD8FA6-12DA-4894-9C2D-D2F02D06AC39}.Release|x86.Build.0 = Release|Win32
	EndGlobalSection
	GlobalSection(SolutionProperties) = preSolution
		HideSolutionNode = FALSE
	EndGlobalSection
	GlobalSection(ExtensibilityGlobals) = postSolution
		SolutionGuid = {6CA3A086-7207-4CAD-A6E6-BE6FCF3511EA}
	EndGlobalSection
EndGlobal
